github.com/squidventure/set v0.0.0-20221126143235-955765279f7d h1:ooiU9hAZCc9bNK9gvsllxYf8QFQIxokVC1kmjLFTUcw=
github.com/squidventure/set v0.0.0-20221126143235-955765279f7d/go.mod h1:BzrQDH+JBeacLAgivClE9cGQccgKM2OU5PEOdS+YaS4=
golang.org/x/exp v0.0.0-20221114191408-850992195362 h1:NoHlPRbyl1VFI6FjwHtPQCN7wAMXI6cKcqrmXhOOfBQ=
golang.org/x/exp v0.0.0-20221114191408-850992195362/go.mod h1:CxIveKay+FTh1D0yPZemJVgC/95VzuuOLq5Qi4xnoYc=
